
Microsoft Visual Studio Solution File, Format Version 12.00
# Visual Studio Version 17
VisualStudioVersion = 17.1.32328.378
MinimumVisualStudioVersion = 10.0.40219.1
Project("{FAE04EC0-301F-11D3-BF4B-00C04F79EFBC}") = "ProgrammingExercise", "ProgrammingExercise\ProgrammingExercise.csproj", "{1645BF1E-CAD3-4E59-9240-FA6400101EDE}"
EndProject
Global
	GlobalSection(SolutionConfigurationPlatforms) = preSolution
		Debug|Any CPU = Debug|Any CPU
		Release|Any CPU = Release|Any CPU
	EndGlobalSection
	GlobalSection(ProjectConfigurationPlatforms) = postSolution
		{1645BF1E-CAD3-4E59-9240-FA6400101EDE}.Debug|Any CPU.ActiveCfg = Debug|Any CPU
		{1645BF1E-CAD3-4E59-9240-FA6400101EDE}.Debug|Any CPU.Build.0 = Debug|Any CPU
		{1645BF1E-CAD3-4E59-9240-FA6400101EDE}.Release|Any CPU.ActiveCfg = Release|Any CPU
		{1645BF1E-CAD3-4E59-9240-FA6400101EDE}.Release|Any CPU.Build.0 = Release|Any CPU
	EndGlobalSection
	GlobalSection(SolutionProperties) = preSolution
		HideSolutionNode = FALSE
	EndGlobalSection
	GlobalSection(ExtensibilityGlobals) = postSolution
		SolutionGuid = {F69466B0-BDF5-4070-AC54-3FA3B0624F50}
	EndGlobalSection
EndGlobal
